
Microsoft Visual Studio Solution File, Format Version 12.00
# Visual Studio Version 16
VisualStudioVersion = 16.0.30523.141
MinimumVisualStudioVersion = 10.0.40219.1
Project("{FAE04EC0-301F-11D3-BF4B-00C04F79EFBC}") = "ConsoleApp3", "ConsoleApp3\ConsoleApp3.csproj", "{D3C8D0F0-1818-4342-92C1-17BBDB3CCC87}"
EndProject
Global
	GlobalSection(SolutionConfigurationPlatforms) = preSolution
		Debug|Any CPU = Debug|Any CPU
		Release|Any CPU = Release|Any CPU
	EndGlobalSection
	GlobalSection(ProjectConfigurationPlatforms) = postSolution
		{D3C8D0F0-1818-4342-92C1-17BBDB3CCC87}.Debug|Any CPU.ActiveCfg = Debug|Any CPU
		{D3C8D0F0-1818-4342-92C1-17BBDB3CCC87}.Debug|Any CPU.Build.0 = Debug|Any CPU
		{D3C8D0F0-1818-4342-92C1-17BBDB3CCC87}.Release|Any CPU.ActiveCfg = Release|Any CPU
		{D3C8D0F0-1818-4342-92C1-17BBDB3CCC87}.Release|Any CPU.Build.0 = Release|Any CPU
	EndGlobalSection
	GlobalSection(SolutionProperties) = preSolution
		HideSolutionNode = FALSE
	EndGlobalSection
	GlobalSection(ExtensibilityGlobals) = postSolution
		SolutionGuid = {5DC59358-C41C-450A-B420-C9DB9FC74EDD}
	EndGlobalSection
EndGlobal
